
Microsoft Visual Studio Solution File, Format Version 12.00
# Visual Studio 2013
VisualStudioVersion = 12.0.21005.1
MinimumVisualStudioVersion = 10.0.40219.1
Project("{FAE04EC0-301F-11D3-BF4B-00C04F79EFBC}") = "RoadMaintenance.DataService", "RoadMaintenance.DataService\RoadMaintenance.DataService.csproj", "{36BBE207-A837-442A-B17B-C0F40A6E275F}"
EndProject
Project("{FAE04EC0-301F-11D3-BF4B-00C04F79EFBC}") = "RoadMaintenance.Specs", "RoadMaintenance.Specs\RoadMaintenance.Specs.csproj", "{AF59B0DF-5C55-4FAD-A4DB-4B3FCDAD5EBC}"
EndProject
Project("{FAE04EC0-301F-11D3-BF4B-00C04F79EFBC}") = "RoadMaintenance.MVC", "RoadMaintenance.MVC\RoadMaintenance.MVC.csproj", "{8CA22219-F124-4E22-848D-3C0196F7008B}"
EndProject
Global
	GlobalSection(SolutionConfigurationPlatforms) = preSolution
		Debug|Any CPU = Debug|Any CPU
		Release|Any CPU = Release|Any CPU
	EndGlobalSection
	GlobalSection(ProjectConfigurationPlatforms) = postSolution
		{36BBE207-A837-442A-B17B-C0F40A6E275F}.Debug|Any CPU.ActiveCfg = Debug|Any CPU
		{36BBE207-A837-442A-B17B-C0F40A6E275F}.Debug|Any CPU.Build.0 = Debug|Any CPU
		{36BBE207-A837-442A-B17B-C0F40A6E275F}.Release|Any CPU.ActiveCfg = Release|Any CPU
		{36BBE207-A837-442A-B17B-C0F40A6E275F}.Release|Any CPU.Build.0 = Release|Any CPU
		{AF59B0DF-5C55-4FAD-A4DB-4B3FCDAD5EBC}.Debug|Any CPU.ActiveCfg = Debug|Any CPU
		{AF59B0DF-5C55-4FAD-A4DB-4B3FCDAD5EBC}.Debug|Any CPU.Build.0 = Debug|Any CPU
		{AF59B0DF-5C55-4FAD-A4DB-4B3FCDAD5EBC}.Release|Any CPU.ActiveCfg = Release|Any CPU
		{AF59B0DF-5C55-4FAD-A4DB-4B3FCDAD5EBC}.Release|Any CPU.Build.0 = Release|Any CPU
		{8CA22219-F124-4E22-848D-3C0196F7008B}.Debug|Any CPU.ActiveCfg = Debug|Any CPU
		{8CA22219-F124-4E22-848D-3C0196F7008B}.Debug|Any CPU.Build.0 = Debug|Any CPU
		{8CA22219-F124-4E22-848D-3C0196F7008B}.Release|Any CPU.ActiveCfg = Release|Any CPU
		{8CA22219-F124-4E22-848D-3C0196F7008B}.Release|Any CPU.Build.0 = Release|Any CPU
	EndGlobalSection
	GlobalSection(SolutionProperties) = preSolution
		HideSolutionNode = FALSE
	EndGlobalSection
EndGlobal
